
Microsoft Visual Studio Solution File, Format Version 12.00
# Visual Studio Version 17
VisualStudioVersion = 17.3.32825.248
MinimumVisualStudioVersion = 10.0.40219.1
Project("{9A19103F-16F7-4668-BE54-9A1E7A4F7556}") = "PONG", "PONG\PONG.csproj", "{F5742875-2E5C-4E85-9432-EFE55F64B44A}"
EndProject
Project("{9A19103F-16F7-4668-BE54-9A1E7A4F7556}") = "Models", "Models\Models.csproj", "{E466AF23-E8FC-450D-B2A4-27ED7DFD5E1B}"
EndProject
Project("{9A19103F-16F7-4668-BE54-9A1E7A4F7556}") = "Controllers", "Controllers\Controllers.csproj", "{BFCBF6E8-F863-4CD5-AE89-C44D3A030EEE}"
EndProject
Project("{9A19103F-16F7-4668-BE54-9A1E7A4F7556}") = "Services", "Services\Services.csproj", "{D569D012-65F4-4A84-813E-508EF20E09E2}"
EndProject
Project("{2150E333-8FDC-42A3-9474-1A3956D46DE8}") = "src", "src", "{55E401F8-3E4A-4DAF-9EF7-ABF92E396781}"
EndProject
Global
	GlobalSection(SolutionConfigurationPlatforms) = preSolution
		Debug|Any CPU = Debug|Any CPU
		Release|Any CPU = Release|Any CPU
	EndGlobalSection
	GlobalSection(ProjectConfigurationPlatforms) = postSolution
		{F5742875-2E5C-4E85-9432-EFE55F64B44A}.Debug|Any CPU.ActiveCfg = Debug|Any CPU
		{F5742875-2E5C-4E85-9432-EFE55F64B44A}.Debug|Any CPU.Build.0 = Debug|Any CPU
		{F5742875-2E5C-4E85-9432-EFE55F64B44A}.Release|Any CPU.ActiveCfg = Release|Any CPU
		{F5742875-2E5C-4E85-9432-EFE55F64B44A}.Release|Any CPU.Build.0 = Release|Any CPU
		{E466AF23-E8FC-450D-B2A4-27ED7DFD5E1B}.Debug|Any CPU.ActiveCfg = Debug|Any CPU
		{E466AF23-E8FC-450D-B2A4-27ED7DFD5E1B}.Debug|Any CPU.Build.0 = Debug|Any CPU
		{E466AF23-E8FC-450D-B2A4-27ED7DFD5E1B}.Release|Any CPU.ActiveCfg = Release|Any CPU
		{E466AF23-E8FC-450D-B2A4-27ED7DFD5E1B}.Release|Any CPU.Build.0 = Release|Any CPU
		{BFCBF6E8-F863-4CD5-AE89-C44D3A030EEE}.Debug|Any CPU.ActiveCfg = Debug|Any CPU
		{BFCBF6E8-F863-4CD5-AE89-C44D3A030EEE}.Debug|Any CPU.Build.0 = Debug|Any CPU
		{BFCBF6E8-F863-4CD5-AE89-C44D3A030EEE}.Release|Any CPU.ActiveCfg = Release|Any CPU
		{BFCBF6E8-F863-4CD5-AE89-C44D3A030EEE}.Release|Any CPU.Build.0 = Release|Any CPU
		{D569D012-65F4-4A84-813E-508EF20E09E2}.Debug|Any CPU.ActiveCfg = Debug|Any CPU
		{D569D012-65F4-4A84-813E-508EF20E09E2}.Debug|Any CPU.Build.0 = Debug|Any CPU
		{D569D012-65F4-4A84-813E-508EF20E09E2}.Release|Any CPU.ActiveCfg = Release|Any CPU
		{D569D012-65F4-4A84-813E-508EF20E09E2}.Release|Any CPU.Build.0 = Release|Any CPU
	EndGlobalSection
	GlobalSection(SolutionProperties) = preSolution
		HideSolutionNode = FALSE
	EndGlobalSection
	GlobalSection(ExtensibilityGlobals) = postSolution
		SolutionGuid = {9C3EEEB6-3D6D-43BB-99C7-00467419F9F2}
	EndGlobalSection
EndGlobal
